
Microsoft Visual Studio Solution File, Format Version 12.00
# Visual Studio 15
VisualStudioVersion = 15.0.27130.2036
MinimumVisualStudioVersion = 10.0.40219.1
Project("{FAE04EC0-301F-11D3-BF4B-00C04F79EFBC}") = "SisAgroVeterinaria", "SisAgroVeterinaria\SisAgroVeterinaria.csproj", "{69DC8EF8-63E7-434B-993D-26679225A497}"
EndProject
Global
	GlobalSection(SolutionConfigurationPlatforms) = preSolution
		Debug|Any CPU = Debug|Any CPU
		Release|Any CPU = Release|Any CPU
	EndGlobalSection
	GlobalSection(ProjectConfigurationPlatforms) = postSolution
		{69DC8EF8-63E7-434B-993D-26679225A497}.Debug|Any CPU.ActiveCfg = Debug|Any CPU
		{69DC8EF8-63E7-434B-993D-26679225A497}.Debug|Any CPU.Build.0 = Debug|Any CPU
		{69DC8EF8-63E7-434B-993D-26679225A497}.Release|Any CPU.ActiveCfg = Release|Any CPU
		{69DC8EF8-63E7-434B-993D-26679225A497}.Release|Any CPU.Build.0 = Release|Any CPU
	EndGlobalSection
	GlobalSection(SolutionProperties) = preSolution
		HideSolutionNode = FALSE
	EndGlobalSection
	GlobalSection(ExtensibilityGlobals) = postSolution
		SolutionGuid = {C58D37AE-30B3-4246-83FC-124C1E92D2D4}
	EndGlobalSection
EndGlobal
